
Microsoft Visual Studio Solution File, Format Version 12.00
# Visual Studio Version 17
VisualStudioVersion = 17.12.35527.113
MinimumVisualStudioVersion = 10.0.40219.1
Project("{FAE04EC0-301F-11D3-BF4B-00C04F79EFBC}") = "HotelReservationSystem", "HotelReservationSystem\HotelReservationSystem.csproj", "{39B89E93-6B53-4BBE-B5D6-FF5942918435}"
EndProject
Global
	GlobalSection(SolutionConfigurationPlatforms) = preSolution
		Debug|Any CPU = Debug|Any CPU
		Release|Any CPU = Release|Any CPU
	EndGlobalSection
	GlobalSection(ProjectConfigurationPlatforms) = postSolution
		{39B89E93-6B53-4BBE-B5D6-FF5942918435}.Debug|Any CPU.ActiveCfg = Debug|Any CPU
		{39B89E93-6B53-4BBE-B5D6-FF5942918435}.Debug|Any CPU.Build.0 = Debug|Any CPU
		{39B89E93-6B53-4BBE-B5D6-FF5942918435}.Release|Any CPU.ActiveCfg = Release|Any CPU
		{39B89E93-6B53-4BBE-B5D6-FF5942918435}.Release|Any CPU.Build.0 = Release|Any CPU
	EndGlobalSection
	GlobalSection(SolutionProperties) = preSolution
		HideSolutionNode = FALSE
	EndGlobalSection
	GlobalSection(ExtensibilityGlobals) = postSolution
		SolutionGuid = {6E6554F0-A3CF-4091-972F-EE54F945C1DF}
	EndGlobalSection
EndGlobal
